
Microsoft Visual Studio Solution File, Format Version 12.00
# Visual Studio Version 17
VisualStudioVersion = 17.3.32922.545
MinimumVisualStudioVersion = 10.0.40219.1
Project("{FAE04EC0-301F-11D3-BF4B-00C04F79EFBC}") = "Module_15_Practic", "Module_15_Practic\Module_15_Practic.csproj", "{D2E12A42-D40E-49AF-8237-B8509C5C0ABC}"
EndProject
Global
	GlobalSection(SolutionConfigurationPlatforms) = preSolution
		Debug|Any CPU = Debug|Any CPU
		Release|Any CPU = Release|Any CPU
	EndGlobalSection
	GlobalSection(ProjectConfigurationPlatforms) = postSolution
		{D2E12A42-D40E-49AF-8237-B8509C5C0ABC}.Debug|Any CPU.ActiveCfg = Debug|Any CPU
		{D2E12A42-D40E-49AF-8237-B8509C5C0ABC}.Debug|Any CPU.Build.0 = Debug|Any CPU
		{D2E12A42-D40E-49AF-8237-B8509C5C0ABC}.Release|Any CPU.ActiveCfg = Release|Any CPU
		{D2E12A42-D40E-49AF-8237-B8509C5C0ABC}.Release|Any CPU.Build.0 = Release|Any CPU
	EndGlobalSection
	GlobalSection(SolutionProperties) = preSolution
		HideSolutionNode = FALSE
	EndGlobalSection
	GlobalSection(ExtensibilityGlobals) = postSolution
		SolutionGuid = {11BEB5CB-195A-43D8-9CDE-AE19711452DF}
	EndGlobalSection
EndGlobal
